
Microsoft Visual Studio Solution File, Format Version 12.00
# Visual Studio Version 17
VisualStudioVersion = 17.9.34723.18
MinimumVisualStudioVersion = 10.0.40219.1
Project("{FAE04EC0-301F-11D3-BF4B-00C04F79EFBC}") = "Demo", "Demo.csproj", "{DB3C2DB5-1E6C-484B-BB43-E2ECF9E2F394}"
EndProject
Global
	GlobalSection(SolutionConfigurationPlatforms) = preSolution
		Debug|Any CPU = Debug|Any CPU
		Release|Any CPU = Release|Any CPU
	EndGlobalSection
	GlobalSection(ProjectConfigurationPlatforms) = postSolution
		{DB3C2DB5-1E6C-484B-BB43-E2ECF9E2F394}.Debug|Any CPU.ActiveCfg = Debug|Any CPU
		{DB3C2DB5-1E6C-484B-BB43-E2ECF9E2F394}.Debug|Any CPU.Build.0 = Debug|Any CPU
		{DB3C2DB5-1E6C-484B-BB43-E2ECF9E2F394}.Release|Any CPU.ActiveCfg = Release|Any CPU
		{DB3C2DB5-1E6C-484B-BB43-E2ECF9E2F394}.Release|Any CPU.Build.0 = Release|Any CPU
	EndGlobalSection
	GlobalSection(SolutionProperties) = preSolution
		HideSolutionNode = FALSE
	EndGlobalSection
	GlobalSection(ExtensibilityGlobals) = postSolution
		SolutionGuid = {3D7DDF16-DAE4-42C0-9B2F-D2B772C527F2}
	EndGlobalSection
EndGlobal
